// !$*UTF8*$!
{
	archiveVersion = 1;
	classes = {
	};
	objectVersion = 46;
	objects = {

/* Begin PBXBuildFile section */
		2921D41636744FBCCC1D2949 /* Pods_GalaxyUITests.framework in Frameworks */ = {isa = PBXBuildFile; fileRef = 65B54E5784D2904E84D8EBD9 /* Pods_GalaxyUITests.framework */; };
		54098E281EB05BFD000D611A /* data.json in Resources */ = {isa = PBXBuildFile; fileRef = 54098E241EB05BFD000D611A /* data.json */; };
		54098E291EB05BFD000D611A /* index.html in Resources */ = {isa = PBXBuildFile; fileRef = 54098E251EB05BFD000D611A /* index.html */; };
		54098E2A1EB05BFD000D611A /* mini.jpg in Resources */ = {isa = PBXBuildFile; fileRef = 54098E261EB05BFD000D611A /* mini.jpg */; };
		54098E2B1EB05BFD000D611A /* pixi.js in Resources */ = {isa = PBXBuildFile; fileRef = 54098E271EB05BFD000D611A /* pixi.js */; };
		54098E2D1EB05EBD000D611A /* square_green.png in Resources */ = {isa = PBXBuildFile; fileRef = 54098E2C1EB05EBD000D611A /* square_green.png */; };
		54098E2F1EB060B2000D611A /* GoogleService-Info.plist in Resources */ = {isa = PBXBuildFile; fileRef = 54098E2E1EB060B2000D611A /* GoogleService-Info.plist */; };
		54098E311EB06263000D611A /* FileUploader.swift in Sources */ = {isa = PBXBuildFile; fileRef = 54098E301EB06263000D611A /* FileUploader.swift */; };
		5453D3501EB10F0B00CCAAB6 /* PassThroughView.swift in Sources */ = {isa = PBXBuildFile; fileRef = 5453D34F1EB10F0B00CCAAB6 /* PassThroughView.swift */; };
		5453DA491EB15DAC00CCAAB6 /* BlockSelectorViewController.swift in Sources */ = {isa = PBXBuildFile; fileRef = 5453DA481EB15DAC00CCAAB6 /* BlockSelectorViewController.swift */; };
		5453DA4E1EB18C3600CCAAB6 /* CurvedView.swift in Sources */ = {isa = PBXBuildFile; fileRef = 5453DA4D1EB18C3600CCAAB6 /* CurvedView.swift */; };
		545F36D51EABE1C4000811E3 /* AppDelegate.swift in Sources */ = {isa = PBXBuildFile; fileRef = 545F36D41EABE1C4000811E3 /* AppDelegate.swift */; };
		545F36D71EABE1C4000811E3 /* ViewController.swift in Sources */ = {isa = PBXBuildFile; fileRef = 545F36D61EABE1C4000811E3 /* ViewController.swift */; };
		545F36DA1EABE1C5000811E3 /* Main.storyboard in Resources */ = {isa = PBXBuildFile; fileRef = 545F36D81EABE1C5000811E3 /* Main.storyboard */; };
		545F36DF1EABE1C5000811E3 /* LaunchScreen.storyboard in Resources */ = {isa = PBXBuildFile; fileRef = 545F36DD1EABE1C5000811E3 /* LaunchScreen.storyboard */; };
		545F36EA1EABE1C5000811E3 /* GalaxyTests.swift in Sources */ = {isa = PBXBuildFile; fileRef = 545F36E91EABE1C5000811E3 /* GalaxyTests.swift */; };
		545F36F51EABE1C5000811E3 /* GalaxyUITests.swift in Sources */ = {isa = PBXBuildFile; fileRef = 545F36F41EABE1C5000811E3 /* GalaxyUITests.swift */; };
		54F2B8611EB1C25200E4A6D1 /* Assets.xcassets in Resources */ = {isa = PBXBuildFile; fileRef = 54F2B8601EB1C25200E4A6D1 /* Assets.xcassets */; };
		54F2B8631EB3E66B00E4A6D1 /* JSONUtil.swift in Sources */ = {isa = PBXBuildFile; fileRef = 54F2B8621EB3E66B00E4A6D1 /* JSONUtil.swift */; };
		54F2B8651EB3ECAA00E4A6D1 /* PublishViewController.swift in Sources */ = {isa = PBXBuildFile; fileRef = 54F2B8641EB3ECAA00E4A6D1 /* PublishViewController.swift */; };
		A541D2CA373DFFFC5E51BA44 /* Pods_Galaxy.framework in Frameworks */ = {isa = PBXBuildFile; fileRef = 16BA88A2F87DDE2EABF7A86D /* Pods_Galaxy.framework */; };
		E9EC66C666ABA9B408F5C87E /* Pods_GalaxyTests.framework in Frameworks */ = {isa = PBXBuildFile; fileRef = 6F589318746243D61E108968 /* Pods_GalaxyTests.framework */; };
/* End PBXBuildFile section */

/* Begin PBXContainerItemProxy section */
		545F36E61EABE1C5000811E3 /* PBXContainerItemProxy */ = {
			isa = PBXContainerItemProxy;
			containerPortal = 545F36C91EABE1C4000811E3 /* Project object */;
			proxyType = 1;
			remoteGlobalIDString = 545F36D01EABE1C4000811E3;
			remoteInfo = Galaxy;
		};
		545F36F11EABE1C5000811E3 /* PBXContainerItemProxy */ = {
			isa = PBXContainerItemProxy;
			containerPortal = 545F36C91EABE1C4000811E3 /* Project object */;
			proxyType = 1;
			remoteGlobalIDString = 545F36D01EABE1C4000811E3;
			remoteInfo = Galaxy;
		};
/* End PBXContainerItemProxy section */

/* Begin PBXFileReference section */
		0D2EFB8E6970FEECD22C1DF8 /* Pods-GalaxyUITests.release.xcconfig */ = {isa = PBXFileReference; includeInIndex = 1; lastKnownFileType = text.xcconfig; name = "Pods-GalaxyUITests.release.xcconfig"; path = "Pods/Target Support Files/Pods-GalaxyUITests/Pods-GalaxyUITests.release.xcconfig"; sourceTree = "<group>"; };
		16BA88A2F87DDE2EABF7A86D /* Pods_Galaxy.framework */ = {isa = PBXFileReference; explicitFileType = wrapper.framework; includeInIndex = 0; path = Pods_Galaxy.framework; sourceTree = BUILT_PRODUCTS_DIR; };
		24C6820BA270109443D1BF82 /* Pods-GalaxyUITests.debug.xcconfig */ = {isa = PBXFileReference; includeInIndex = 1; lastKnownFileType = text.xcconfig; name = "Pods-GalaxyUITests.debug.xcconfig"; path = "Pods/Target Support Files/Pods-GalaxyUITests/Pods-GalaxyUITests.debug.xcconfig"; sourceTree = "<group>"; };
		32E0F284C80EC8E7FDC9E47D /* Pods-Galaxy.release.xcconfig */ = {isa = PBXFileReference; includeInIndex = 1; lastKnownFileType = text.xcconfig; name = "Pods-Galaxy.release.xcconfig"; path = "Pods/Target Support Files/Pods-Galaxy/Pods-Galaxy.release.xcconfig"; sourceTree = "<group>"; };
		34DD762067286374B44C853B /* Pods-Galaxy.debug.xcconfig */ = {isa = PBXFileReference; includeInIndex = 1; lastKnownFileType = text.xcconfig; name = "Pods-Galaxy.debug.xcconfig"; path = "Pods/Target Support Files/Pods-Galaxy/Pods-Galaxy.debug.xcconfig"; sourceTree = "<group>"; };
		54098E241EB05BFD000D611A /* data.json */ = {isa = PBXFileReference; fileEncoding = 4; lastKnownFileType = text.json; name = data.json; path = Web/data.json; sourceTree = "<group>"; };
		54098E251EB05BFD000D611A /* index.html */ = {isa = PBXFileReference; fileEncoding = 4; lastKnownFileType = text.html; name = index.html; path = Web/index.html; sourceTree = "<group>"; };
		54098E261EB05BFD000D611A /* mini.jpg */ = {isa = PBXFileReference; lastKnownFileType = image.jpeg; name = mini.jpg; path = Web/mini.jpg; sourceTree = "<group>"; };
		54098E271EB05BFD000D611A /* pixi.js */ = {isa = PBXFileReference; fileEncoding = 4; lastKnownFileType = sourcecode.javascript; name = pixi.js; path = Web/pixi.js; sourceTree = "<group>"; };
		54098E2C1EB05EBD000D611A /* square_green.png */ = {isa = PBXFileReference; lastKnownFileType = image.png; name = square_green.png; path = Web/square_green.png; sourceTree = "<group>"; };
		54098E2E1EB060B2000D611A /* GoogleService-Info.plist */ = {isa = PBXFileReference; fileEncoding = 4; lastKnownFileType = text.plist.xml; path = "GoogleService-Info.plist"; sourceTree = "<group>"; };
		54098E301EB06263000D611A /* FileUploader.swift */ = {isa = PBXFileReference; fileEncoding = 4; lastKnownFileType = sourcecode.swift; path = FileUploader.swift; sourceTree = "<group>"; };
		5453D34F1EB10F0B00CCAAB6 /* PassThroughView.swift */ = {isa = PBXFileReference; fileEncoding = 4; lastKnownFileType = sourcecode.swift; path = PassThroughView.swift; sourceTree = "<group>"; };
		5453DA481EB15DAC00CCAAB6 /* BlockSelectorViewController.swift */ = {isa = PBXFileReference; fileEncoding = 4; lastKnownFileType = sourcecode.swift; path = BlockSelectorViewController.swift; sourceTree = "<group>"; };
		5453DA4D1EB18C3600CCAAB6 /* CurvedView.swift */ = {isa = PBXFileReference; fileEncoding = 4; lastKnownFileType = sourcecode.swift; path = CurvedView.swift; sourceTree = "<group>"; };
		545F36D11EABE1C4000811E3 /* Galaxy.app */ = {isa = PBXFileReference; explicitFileType = wrapper.application; includeInIndex = 0; path = Galaxy.app; sourceTree = BUILT_PRODUCTS_DIR; };
		545F36D41EABE1C4000811E3 /* AppDelegate.swift */ = {isa = PBXFileReference; lastKnownFileType = sourcecode.swift; path = AppDelegate.swift; sourceTree = "<group>"; };
		545F36D61EABE1C4000811E3 /* ViewController.swift */ = {isa = PBXFileReference; lastKnownFileType = sourcecode.swift; path = ViewController.swift; sourceTree = "<group>"; };
		545F36D91EABE1C5000811E3 /* Base */ = {isa = PBXFileReference; lastKnownFileType = file.storyboard; name = Base; path = Base.lproj/Main.storyboard; sourceTree = "<group>"; };
		545F36DE1EABE1C5000811E3 /* Base */ = {isa = PBXFileReference; lastKnownFileType = file.storyboard; name = Base; path = Base.lproj/LaunchScreen.storyboard; sourceTree = "<group>"; };
		545F36E01EABE1C5000811E3 /* Info.plist */ = {isa = PBXFileReference; lastKnownFileType = text.plist.xml; path = Info.plist; sourceTree = "<group>"; };
		545F36E51EABE1C5000811E3 /* GalaxyTests.xctest */ = {isa = PBXFileReference; explicitFileType = wrapper.cfbundle; includeInIndex = 0; path = GalaxyTests.xctest; sourceTree = BUILT_PRODUCTS_DIR; };
		545F36E91EABE1C5000811E3 /* GalaxyTests.swift */ = {isa = PBXFileReference; lastKnownFileType = sourcecode.swift; path = GalaxyTests.swift; sourceTree = "<group>"; };
		545F36EB1EABE1C5000811E3 /* Info.plist */ = {isa = PBXFileReference; lastKnownFileType = text.plist.xml; path = Info.plist; sourceTree = "<group>"; };
		545F36F01EABE1C5000811E3 /* GalaxyUITests.xctest */ = {isa = PBXFileReference; explicitFileType = wrapper.cfbundle; includeInIndex = 0; path = GalaxyUITests.xctest; sourceTree = BUILT_PRODUCTS_DIR; };
		545F36F41EABE1C5000811E3 /* GalaxyUITests.swift */ = {isa = PBXFileReference; lastKnownFileType = sourcecode.swift; path = GalaxyUITests.swift; sourceTree = "<group>"; };
		545F36F61EABE1C5000811E3 /* Info.plist */ = {isa = PBXFileReference; lastKnownFileType = text.plist.xml; path = Info.plist; sourceTree = "<group>"; };
		54F2B8601EB1C25200E4A6D1 /* Assets.xcassets */ = {isa = PBXFileReference; lastKnownFileType = folder.assetcatalog; path = Assets.xcassets; sourceTree = "<group>"; };
		54F2B8621EB3E66B00E4A6D1 /* JSONUtil.swift */ = {isa = PBXFileReference; fileEncoding = 4; lastKnownFileType = sourcecode.swift; path = JSONUtil.swift; sourceTree = "<group>"; };
		54F2B8641EB3ECAA00E4A6D1 /* PublishViewController.swift */ = {isa = PBXFileReference; fileEncoding = 4; lastKnownFileType = sourcecode.swift; path = PublishViewController.swift; sourceTree = "<group>"; };
		65B54E5784D2904E84D8EBD9 /* Pods_GalaxyUITests.framework */ = {isa = PBXFileReference; explicitFileType = wrapper.framework; includeInIndex = 0; path = Pods_GalaxyUITests.framework; sourceTree = BUILT_PRODUCTS_DIR; };
		6F589318746243D61E108968 /* Pods_GalaxyTests.framework */ = {isa = PBXFileReference; explicitFileType = wrapper.framework; includeInIndex = 0; path = Pods_GalaxyTests.framework; sourceTree = BUILT_PRODUCTS_DIR; };
		A62EF89F7C8896ECE748989A /* Pods-GalaxyTests.release.xcconfig */ = {isa = PBXFileReference; includeInIndex = 1; lastKnownFileType = text.xcconfig; name = "Pods-GalaxyTests.release.xcconfig"; path = "Pods/Target Support Files/Pods-GalaxyTests/Pods-GalaxyTests.release.xcconfig"; sourceTree = "<group>"; };
		F755CC44094285752AAFF3FA /* Pods-GalaxyTests.debug.xcconfig */ = {isa = PBXFileReference; includeInIndex = 1; lastKnownFileType = text.xcconfig; name = "Pods-GalaxyTests.debug.xcconfig"; path = "Pods/Target Support Files/Pods-GalaxyTests/Pods-GalaxyTests.debug.xcconfig"; sourceTree = "<group>"; };
/* End PBXFileReference section */

/* Begin PBXFrameworksBuildPhase section */
		545F36CE1EABE1C4000811E3 /* Frameworks */ = {
			isa = PBXFrameworksBuildPhase;
			buildActionMask = 2147483647;
			files = (
				A541D2CA373DFFFC5E51BA44 /* Pods_Galaxy.framework in Frameworks */,
			);
			runOnlyForDeploymentPostprocessing = 0;
		};
		545F36E21EABE1C5000811E3 /* Frameworks */ = {
			isa = PBXFrameworksBuildPhase;
			buildActionMask = 2147483647;
			files = (
				E9EC66C666ABA9B408F5C87E /* Pods_GalaxyTests.framework in Frameworks */,
			);
			runOnlyForDeploymentPostprocessing = 0;
		};
		545F36ED1EABE1C5000811E3 /* Frameworks */ = {
			isa = PBXFrameworksBuildPhase;
			buildActionMask = 2147483647;
			files = (
				2921D41636744FBCCC1D2949 /* Pods_GalaxyUITests.framework in Frameworks */,
			);
			runOnlyForDeploymentPostprocessing = 0;
		};
/* End PBXFrameworksBuildPhase section */

/* Begin PBXGroup section */
		5453DA4C1EB18C1100CCAAB6 /* Extra */ = {
			isa = PBXGroup;
			children = (
				5453DA4D1EB18C3600CCAAB6 /* CurvedView.swift */,
			);
			name = Extra;
			sourceTree = "<group>";
		};
		545F36C81EABE1C4000811E3 = {
			isa = PBXGroup;
			children = (
				545F370F1EABEC73000811E3 /* Resources */,
				545F36D31EABE1C4000811E3 /* Galaxy */,
				545F36E81EABE1C5000811E3 /* GalaxyTests */,
				545F36F31EABE1C5000811E3 /* GalaxyUITests */,
				545F36D21EABE1C4000811E3 /* Products */,
				58934726C9B31C498F4C5ED0 /* Pods */,
				61DF9D9FF89B9043DCDE23C3 /* Frameworks */,
			);
			sourceTree = "<group>";
		};
		545F36D21EABE1C4000811E3 /* Products */ = {
			isa = PBXGroup;
			children = (
				545F36D11EABE1C4000811E3 /* Galaxy.app */,
				545F36E51EABE1C5000811E3 /* GalaxyTests.xctest */,
				545F36F01EABE1C5000811E3 /* GalaxyUITests.xctest */,
			);
			name = Products;
			sourceTree = "<group>";
		};
		545F36D31EABE1C4000811E3 /* Galaxy */ = {
			isa = PBXGroup;
			children = (
				5453DA4C1EB18C1100CCAAB6 /* Extra */,
				545F36D41EABE1C4000811E3 /* AppDelegate.swift */,
				545F36D61EABE1C4000811E3 /* ViewController.swift */,
				545F36D81EABE1C5000811E3 /* Main.storyboard */,
				54F2B8601EB1C25200E4A6D1 /* Assets.xcassets */,
				545F36DD1EABE1C5000811E3 /* LaunchScreen.storyboard */,
				545F36E01EABE1C5000811E3 /* Info.plist */,
				54098E2E1EB060B2000D611A /* GoogleService-Info.plist */,
				54098E301EB06263000D611A /* FileUploader.swift */,
				5453D34F1EB10F0B00CCAAB6 /* PassThroughView.swift */,
				5453DA481EB15DAC00CCAAB6 /* BlockSelectorViewController.swift */,
				54F2B8621EB3E66B00E4A6D1 /* JSONUtil.swift */,
				54F2B8641EB3ECAA00E4A6D1 /* PublishViewController.swift */,
			);
			path = Galaxy;
			sourceTree = "<group>";
		};
		545F36E81EABE1C5000811E3 /* GalaxyTests */ = {
			isa = PBXGroup;
			children = (
				545F36E91EABE1C5000811E3 /* GalaxyTests.swift */,
				545F36EB1EABE1C5000811E3 /* Info.plist */,
			);
			path = GalaxyTests;
			sourceTree = "<group>";
		};
		545F36F31EABE1C5000811E3 /* GalaxyUITests */ = {
			isa = PBXGroup;
			children = (
				545F36F41EABE1C5000811E3 /* GalaxyUITests.swift */,
				545F36F61EABE1C5000811E3 /* Info.plist */,
			);
			path = GalaxyUITests;
			sourceTree = "<group>";
		};
		545F37021EABE285000811E3 /* Editor */ = {
			isa = PBXGroup;
			children = (
				54098E2C1EB05EBD000D611A /* square_green.png */,
				54098E241EB05BFD000D611A /* data.json */,
				54098E251EB05BFD000D611A /* index.html */,
				54098E261EB05BFD000D611A /* mini.jpg */,
				54098E271EB05BFD000D611A /* pixi.js */,
			);
			name = Editor;
			sourceTree = "<group>";
		};
		545F370F1EABEC73000811E3 /* Resources */ = {
			isa = PBXGroup;
			children = (
				545F37021EABE285000811E3 /* Editor */,
			);
			name = Resources;
			sourceTree = "<group>";
		};
		58934726C9B31C498F4C5ED0 /* Pods */ = {
			isa = PBXGroup;
			children = (
				34DD762067286374B44C853B /* Pods-Galaxy.debug.xcconfig */,
				32E0F284C80EC8E7FDC9E47D /* Pods-Galaxy.release.xcconfig */,
				F755CC44094285752AAFF3FA /* Pods-GalaxyTests.debug.xcconfig */,
				A62EF89F7C8896ECE748989A /* Pods-GalaxyTests.release.xcconfig */,
				24C6820BA270109443D1BF82 /* Pods-GalaxyUITests.debug.xcconfig */,
				0D2EFB8E6970FEECD22C1DF8 /* Pods-GalaxyUITests.release.xcconfig */,
			);
			name = Pods;
			sourceTree = "<group>";
		};
		61DF9D9FF89B9043DCDE23C3 /* Frameworks */ = {
			isa = PBXGroup;
			children = (
				16BA88A2F87DDE2EABF7A86D /* Pods_Galaxy.framework */,
				6F589318746243D61E108968 /* Pods_GalaxyTests.framework */,
				65B54E5784D2904E84D8EBD9 /* Pods_GalaxyUITests.framework */,
			);
			name = Frameworks;
			sourceTree = "<group>";
		};
/* End PBXGroup section */

/* Begin PBXNativeTarget section */
		545F36D01EABE1C4000811E3 /* Galaxy */ = {
			isa = PBXNativeTarget;
			buildConfigurationList = 545F36F91EABE1C5000811E3 /* Build configuration list for PBXNativeTarget "Galaxy" */;
			buildPhases = (
				DFA0830DB720CC069D2C3197 /* [CP] Check Pods Manifest.lock */,
				545F36CD1EABE1C4000811E3 /* Sources */,
				545F36CE1EABE1C4000811E3 /* Frameworks */,
				545F36CF1EABE1C4000811E3 /* Resources */,
				E2D04C49F7ADFDD09573A0C2 /* [CP] Embed Pods Frameworks */,
				8034F3B01E9C40CE225198D1 /* [CP] Copy Pods Resources */,
			);
			buildRules = (
			);
			dependencies = (
			);
			name = Galaxy;
			productName = Galaxy;
			productReference = 545F36D11EABE1C4000811E3 /* Galaxy.app */;
			productType = "com.apple.product-type.application";
		};
		545F36E41EABE1C5000811E3 /* GalaxyTests */ = {
			isa = PBXNativeTarget;
			buildConfigurationList = 545F36FC1EABE1C5000811E3 /* Build configuration list for PBXNativeTarget "GalaxyTests" */;
			buildPhases = (
				BA6A2530396079A9D5786C03 /* [CP] Check Pods Manifest.lock */,
				545F36E11EABE1C5000811E3 /* Sources */,
				545F36E21EABE1C5000811E3 /* Frameworks */,
				545F36E31EABE1C5000811E3 /* Resources */,
				D57947D76751524AE45DE4F9 /* [CP] Embed Pods Frameworks */,
				052DED96BC0F5FB8FFF9F21D /* [CP] Copy Pods Resources */,
			);
			buildRules = (
			);
			dependencies = (
				545F36E71EABE1C5000811E3 /* PBXTargetDependency */,
			);
			name = GalaxyTests;
			productName = GalaxyTests;
			productReference = 545F36E51EABE1C5000811E3 /* GalaxyTests.xctest */;
			productType = "com.apple.product-type.bundle.unit-test";
		};
		545F36EF1EABE1C5000811E3 /* GalaxyUITests */ = {
			isa = PBXNativeTarget;
			buildConfigurationList = 545F36FF1EABE1C5000811E3 /* Build configuration list for PBXNativeTarget "GalaxyUITests" */;
			buildPhases = (
				6F2FEA8FB5100C020D7F70B0 /* [CP] Check Pods Manifest.lock */,
				545F36EC1EABE1C5000811E3 /* Sources */,
				545F36ED1EABE1C5000811E3 /* Frameworks */,
				545F36EE1EABE1C5000811E3 /* Resources */,
				EA86DCF1F4B81AB014E8ABBE /* [CP] Embed Pods Frameworks */,
				3541F7A8213CCB6AEFD098A9 /* [CP] Copy Pods Resources */,
			);
			buildRules = (
			);
			dependencies = (
				545F36F21EABE1C5000811E3 /* PBXTargetDependency */,
			);
			name = GalaxyUITests;
			productName = GalaxyUITests;
			productReference = 545F36F01EABE1C5000811E3 /* GalaxyUITests.xctest */;
			productType = "com.apple.product-type.bundle.ui-testing";
		};
/* End PBXNativeTarget section */

/* Begin PBXProject section */
		545F36C91EABE1C4000811E3 /* Project object */ = {
			isa = PBXProject;
			attributes = {
				LastSwiftUpdateCheck = 0830;
				LastUpgradeCheck = 0830;
				ORGANIZATIONNAME = "Cezar Babin";
				TargetAttributes = {
					545F36D01EABE1C4000811E3 = {
						CreatedOnToolsVersion = 8.3;
						DevelopmentTeam = 7TJ6UVZRLR;
						ProvisioningStyle = Automatic;
					};
					545F36E41EABE1C5000811E3 = {
						CreatedOnToolsVersion = 8.3;
						ProvisioningStyle = Automatic;
						TestTargetID = 545F36D01EABE1C4000811E3;
					};
					545F36EF1EABE1C5000811E3 = {
						CreatedOnToolsVersion = 8.3;
						ProvisioningStyle = Automatic;
						TestTargetID = 545F36D01EABE1C4000811E3;
					};
				};
			};
			buildConfigurationList = 545F36CC1EABE1C4000811E3 /* Build configuration list for PBXProject "Galaxy" */;
			compatibilityVersion = "Xcode 3.2";
			developmentRegion = English;
			hasScannedForEncodings = 0;
			knownRegions = (
				en,
				Base,
			);
			mainGroup = 545F36C81EABE1C4000811E3;
			productRefGroup = 545F36D21EABE1C4000811E3 /* Products */;
			projectDirPath = "";
			projectRoot = "";
			targets = (
				545F36D01EABE1C4000811E3 /* Galaxy */,
				545F36E41EABE1C5000811E3 /* GalaxyTests */,
				545F36EF1EABE1C5000811E3 /* GalaxyUITests */,
			);
		};
/* End PBXProject section */

/* Begin PBXResourcesBuildPhase section */
		545F36CF1EABE1C4000811E3 /* Resources */ = {
			isa = PBXResourcesBuildPhase;
			buildActionMask = 2147483647;
			files = (
				545F36DF1EABE1C5000811E3 /* LaunchScreen.storyboard in Resources */,
				54F2B8611EB1C25200E4A6D1 /* Assets.xcassets in Resources */,
				54098E2D1EB05EBD000D611A /* square_green.png in Resources */,
				54098E291EB05BFD000D611A /* index.html in Resources */,
				54098E2B1EB05BFD000D611A /* pixi.js in Resources */,
				54098E281EB05BFD000D611A /* data.json in Resources */,
				54098E2F1EB060B2000D611A /* GoogleService-Info.plist in Resources */,
				545F36DA1EABE1C5000811E3 /* Main.storyboard in Resources */,
				54098E2A1EB05BFD000D611A /* mini.jpg in Resources */,
			);
			runOnlyForDeploymentPostprocessing = 0;
		};
		545F36E31EABE1C5000811E3 /* Resources */ = {
			isa = PBXResourcesBuildPhase;
			buildActionMask = 2147483647;
			files = (
			);
			runOnlyForDeploymentPostprocessing = 0;
		};
		545F36EE1EABE1C5000811E3 /* Resources */ = {
			isa = PBXResourcesBuildPhase;
			buildActionMask = 2147483647;
			files = (
			);
			runOnlyForDeploymentPostprocessing = 0;
		};
/* End PBXResourcesBuildPhase section */

/* Begin PBXShellScriptBuildPhase section */
		052DED96BC0F5FB8FFF9F21D /* [CP] Copy Pods Resources */ = {
			isa = PBXShellScriptBuildPhase;
			buildActionMask = 2147483647;
			files = (
			);
			inputPaths = (
			);
			name = "[CP] Copy Pods Resources";
			outputPaths = (
			);
			runOnlyForDeploymentPostprocessing = 0;
			shellPath = /bin/sh;
			shellScript = "\"${SRCROOT}/Pods/Target Support Files/Pods-GalaxyTests/Pods-GalaxyTests-resources.sh\"\n";
			showEnvVarsInLog = 0;
		};
		3541F7A8213CCB6AEFD098A9 /* [CP] Copy Pods Resources */ = {
			isa = PBXShellScriptBuildPhase;
			buildActionMask = 2147483647;
			files = (
			);
			inputPaths = (
			);
			name = "[CP] Copy Pods Resources";
			outputPaths = (
			);
			runOnlyForDeploymentPostprocessing = 0;
			shellPath = /bin/sh;
			shellScript = "\"${SRCROOT}/Pods/Target Support Files/Pods-GalaxyUITests/Pods-GalaxyUITests-resources.sh\"\n";
			showEnvVarsInLog = 0;
		};
		6F2FEA8FB5100C020D7F70B0 /* [CP] Check Pods Manifest.lock */ = {
			isa = PBXShellScriptBuildPhase;
			buildActionMask = 2147483647;
			files = (
			);
			inputPaths = (
			);
			name = "[CP] Check Pods Manifest.lock";
			outputPaths = (
			);
			runOnlyForDeploymentPostprocessing = 0;
			shellPath = /bin/sh;
			shellScript = "diff \"${PODS_ROOT}/../Podfile.lock\" \"${PODS_ROOT}/Manifest.lock\" > /dev/null\nif [ $? != 0 ] ; then\n    # print error to STDERR\n    echo \"error: The sandbox is not in sync with the Podfile.lock. Run 'pod install' or update your CocoaPods installation.\" >&2\n    exit 1\nfi\n";
			showEnvVarsInLog = 0;
		};
		8034F3B01E9C40CE225198D1 /* [CP] Copy Pods Resources */ = {
			isa = PBXShellScriptBuildPhase;
			buildActionMask = 2147483647;
			files = (
			);
			inputPaths = (
			);
			name = "[CP] Copy Pods Resources";
			outputPaths = (
			);
			runOnlyForDeploymentPostprocessing = 0;
			shellPath = /bin/sh;
			shellScript = "\"${SRCROOT}/Pods/Target Support Files/Pods-Galaxy/Pods-Galaxy-resources.sh\"\n";
			showEnvVarsInLog = 0;
		};
		BA6A2530396079A9D5786C03 /* [CP] Check Pods Manifest.lock */ = {
			isa = PBXShellScriptBuildPhase;
			buildActionMask = 2147483647;
			files = (
			);
			inputPaths = (
			);
			name = "[CP] Check Pods Manifest.lock";
			outputPaths = (
			);
			runOnlyForDeploymentPostprocessing = 0;
			shellPath = /bin/sh;
			shellScript = "diff \"${PODS_ROOT}/../Podfile.lock\" \"${PODS_ROOT}/Manifest.lock\" > /dev/null\nif [ $? != 0 ] ; then\n    # print error to STDERR\n    echo \"error: The sandbox is not in sync with the Podfile.lock. Run 'pod install' or update your CocoaPods installation.\" >&2\n    exit 1\nfi\n";
			showEnvVarsInLog = 0;
		};
		D57947D76751524AE45DE4F9 /* [CP] Embed Pods Frameworks */ = {
			isa = PBXShellScriptBuildPhase;
			buildActionMask = 2147483647;
			files = (
			);
			inputPaths = (
			);
			name = "[CP] Embed Pods Frameworks";
			outputPaths = (
			);
			runOnlyForDeploymentPostprocessing = 0;
			shellPath = /bin/sh;
			shellScript = "\"${SRCROOT}/Pods/Target Support Files/Pods-GalaxyTests/Pods-GalaxyTests-frameworks.sh\"\n";
			showEnvVarsInLog = 0;
		};
		DFA0830DB720CC069D2C3197 /* [CP] Check Pods Manifest.lock */ = {
			isa = PBXShellScriptBuildPhase;
			buildActionMask = 2147483647;
			files = (
			);
			inputPaths = (
			);
			name = "[CP] Check Pods Manifest.lock";
			outputPaths = (
			);
			runOnlyForDeploymentPostprocessing = 0;
			shellPath = /bin/sh;
			shellScript = "diff \"${PODS_ROOT}/../Podfile.lock\" \"${PODS_ROOT}/Manifest.lock\" > /dev/null\nif [ $? != 0 ] ; then\n    # print error to STDERR\n    echo \"error: The sandbox is not in sync with the Podfile.lock. Run 'pod install' or update your CocoaPods installation.\" >&2\n    exit 1\nfi\n";
			showEnvVarsInLog = 0;
		};
		E2D04C49F7ADFDD09573A0C2 /* [CP] Embed Pods Frameworks */ = {
			isa = PBXShellScriptBuildPhase;
			buildActionMask = 2147483647;
			files = (
			);
			inputPaths = (
			);
			name = "[CP] Embed Pods Frameworks";
			outputPaths = (
			);
			runOnlyForDeploymentPostprocessing = 0;
			shellPath = /bin/sh;
			shellScript = "\"${SRCROOT}/Pods/Target Support Files/Pods-Galaxy/Pods-Galaxy-frameworks.sh\"\n";
			showEnvVarsInLog = 0;
		};
		EA86DCF1F4B81AB014E8ABBE /* [CP] Embed Pods Frameworks */ = {
			isa = PBXShellScriptBuildPhase;
			buildActionMask = 2147483647;
			files = (
			);
			inputPaths = (
			);
			name = "[CP] Embed Pods Frameworks";
			outputPaths = (
			);
			runOnlyForDeploymentPostprocessing = 0;
			shellPath = /bin/sh;
			shellScript = "\"${SRCROOT}/Pods/Target Support Files/Pods-GalaxyUITests/Pods-GalaxyUITests-frameworks.sh\"\n";
			showEnvVarsInLog = 0;
		};
/* End PBXShellScriptBuildPhase section */

/* Begin PBXSourcesBuildPhase section */
		545F36CD1EABE1C4000811E3 /* Sources */ = {
			isa = PBXSourcesBuildPhase;
			buildActionMask = 2147483647;
			files = (
				5453DA491EB15DAC00CCAAB6 /* BlockSelectorViewController.swift in Sources */,
				5453DA4E1EB18C3600CCAAB6 /* CurvedView.swift in Sources */,
				545F36D71EABE1C4000811E3 /* ViewController.swift in Sources */,
				545F36D51EABE1C4000811E3 /* AppDelegate.swift in Sources */,
				54F2B8651EB3ECAA00E4A6D1 /* PublishViewController.swift in Sources */,
				54098E311EB06263000D611A /* FileUploader.swift in Sources */,
				5453D3501EB10F0B00CCAAB6 /* PassThroughView.swift in Sources */,
				54F2B8631EB3E66B00E4A6D1 /* JSONUtil.swift in Sources */,
			);
			runOnlyForDeploymentPostprocessing = 0;
		};
		545F36E11EABE1C5000811E3 /* Sources */ = {
			isa = PBXSourcesBuildPhase;
			buildActionMask = 2147483647;
			files = (
				545F36EA1EABE1C5000811E3 /* GalaxyTests.swift in Sources */,
			);
			runOnlyForDeploymentPostprocessing = 0;
		};
		545F36EC1EABE1C5000811E3 /* Sources */ = {
			isa = PBXSourcesBuildPhase;
			buildActionMask = 2147483647;
			files = (
				545F36F51EABE1C5000811E3 /* GalaxyUITests.swift in Sources */,
			);
			runOnlyForDeploymentPostprocessing = 0;
		};
/* End PBXSourcesBuildPhase section */

/* Begin PBXTargetDependency section */
		545F36E71EABE1C5000811E3 /* PBXTargetDependency */ = {
			isa = PBXTargetDependency;
			target = 545F36D01EABE1C4000811E3 /* Galaxy */;
			targetProxy = 545F36E61EABE1C5000811E3 /* PBXContainerItemProxy */;
		};
		545F36F21EABE1C5000811E3 /* PBXTargetDependency */ = {
			isa = PBXTargetDependency;
			target = 545F36D01EABE1C4000811E3 /* Galaxy */;
			targetProxy = 545F36F11EABE1C5000811E3 /* PBXContainerItemProxy */;
		};
/* End PBXTargetDependency section */

/* Begin PBXVariantGroup section */
		545F36D81EABE1C5000811E3 /* Main.storyboard */ = {
			isa = PBXVariantGroup;
			children = (
				545F36D91EABE1C5000811E3 /* Base */,
			);
			name = Main.storyboard;
			sourceTree = "<group>";
		};
		545F36DD1EABE1C5000811E3 /* LaunchScreen.storyboard */ = {
			isa = PBXVariantGroup;
			children = (
				545F36DE1EABE1C5000811E3 /* Base */,
			);
			name = LaunchScreen.storyboard;
			sourceTree = "<group>";
		};
/* End PBXVariantGroup section */

/* Begin XCBuildConfiguration section */
		545F36F71EABE1C5000811E3 /* Debug */ = {
			isa = XCBuildConfiguration;
			buildSettings = {
				ALWAYS_SEARCH_USER_PATHS = NO;
				CLANG_ANALYZER_NONNULL = YES;
				CLANG_ANALYZER_NUMBER_OBJECT_CONVERSION = YES_AGGRESSIVE;
				CLANG_CXX_LANGUAGE_STANDARD = "gnu++0x";
				CLANG_CXX_LIBRARY = "libc++";
				CLANG_ENABLE_MODULES = YES;
				CLANG_ENABLE_OBJC_ARC = YES;
				CLANG_WARN_BOOL_CONVERSION = YES;
				CLANG_WARN_CONSTANT_CONVERSION = YES;
				CLANG_WARN_DIRECT_OBJC_ISA_USAGE = YES_ERROR;
				CLANG_WARN_DOCUMENTATION_COMMENTS = YES;
				CLANG_WARN_EMPTY_BODY = YES;
				CLANG_WARN_ENUM_CONVERSION = YES;
				CLANG_WARN_INFINITE_RECURSION = YES;
				CLANG_WARN_INT_CONVERSION = YES;
				CLANG_WARN_OBJC_ROOT_CLASS = YES_ERROR;
				CLANG_WARN_SUSPICIOUS_MOVE = YES;
				CLANG_WARN_UNREACHABLE_CODE = YES;
				CLANG_WARN__DUPLICATE_METHOD_MATCH = YES;
				"CODE_SIGN_IDENTITY[sdk=iphoneos*]" = "iPhone Developer";
				COPY_PHASE_STRIP = NO;
				DEBUG_INFORMATION_FORMAT = dwarf;
				ENABLE_STRICT_OBJC_MSGSEND = YES;
				ENABLE_TESTABILITY = YES;
				GCC_C_LANGUAGE_STANDARD = gnu99;
				GCC_DYNAMIC_NO_PIC = NO;
				GCC_NO_COMMON_BLOCKS = YES;
				GCC_OPTIMIZATION_LEVEL = 0;
				GCC_PREPROCESSOR_DEFINITIONS = (
					"DEBUG=1",
					"$(inherited)",
				);
				GCC_WARN_64_TO_32_BIT_CONVERSION = YES;
				GCC_WARN_ABOUT_RETURN_TYPE = YES_ERROR;
				GCC_WARN_UNDECLARED_SELECTOR = YES;
				GCC_WARN_UNINITIALIZED_AUTOS = YES_AGGRESSIVE;
				GCC_WARN_UNUSED_FUNCTION = YES;
				GCC_WARN_UNUSED_VARIABLE = YES;
				IPHONEOS_DEPLOYMENT_TARGET = 10.3;
				MTL_ENABLE_DEBUG_INFO = YES;
				ONLY_ACTIVE_ARCH = YES;
				SDKROOT = iphoneos;
				SWIFT_ACTIVE_COMPILATION_CONDITIONS = DEBUG;
				SWIFT_OPTIMIZATION_LEVEL = "-Onone";
				TARGETED_DEVICE_FAMILY = "1,2";
			};
			name = Debug;
		};
		545F36F81EABE1C5000811E3 /* Release */ = {
			isa = XCBuildConfiguration;
			buildSettings = {
				ALWAYS_SEARCH_USER_PATHS = NO;
				CLANG_ANALYZER_NONNULL = YES;
				CLANG_ANALYZER_NUMBER_OBJECT_CONVERSION = YES_AGGRESSIVE;
				CLANG_CXX_LANGUAGE_STANDARD = "gnu++0x";
				CLANG_CXX_LIBRARY = "libc++";
				CLANG_ENABLE_MODULES = YES;
				CLANG_ENABLE_OBJC_ARC = YES;
				CLANG_WARN_BOOL_CONVERSION = YES;
				CLANG_WARN_CONSTANT_CONVERSION = YES;
				CLANG_WARN_DIRECT_OBJC_ISA_USAGE = YES_ERROR;
				CLANG_WARN_DOCUMENTATION_COMMENTS = YES;
				CLANG_WARN_EMPTY_BODY = YES;
				CLANG_WARN_ENUM_CONVERSION = YES;
				CLANG_WARN_INFINITE_RECURSION = YES;
				CLANG_WARN_INT_CONVERSION = YES;
				CLANG_WARN_OBJC_ROOT_CLASS = YES_ERROR;
				CLANG_WARN_SUSPICIOUS_MOVE = YES;
				CLANG_WARN_UNREACHABLE_CODE = YES;
				CLANG_WARN__DUPLICATE_METHOD_MATCH = YES;
				"CODE_SIGN_IDENTITY[sdk=iphoneos*]" = "iPhone Developer";
				COPY_PHASE_STRIP = NO;
				DEBUG_INFORMATION_FORMAT = "dwarf-with-dsym";
				ENABLE_NS_ASSERTIONS = NO;
				ENABLE_STRICT_OBJC_MSGSEND = YES;
				GCC_C_LANGUAGE_STANDARD = gnu99;
				GCC_NO_COMMON_BLOCKS = YES;
				GCC_WARN_64_TO_32_BIT_CONVERSION = YES;
				GCC_WARN_ABOUT_RETURN_TYPE = YES_ERROR;
				GCC_WARN_UNDECLARED_SELECTOR = YES;
				GCC_WARN_UNINITIALIZED_AUTOS = YES_AGGRESSIVE;
				GCC_WARN_UNUSED_FUNCTION = YES;
				GCC_WARN_UNUSED_VARIABLE = YES;
				IPHONEOS_DEPLOYMENT_TARGET = 10.3;
				MTL_ENABLE_DEBUG_INFO = NO;
				SDKROOT = iphoneos;
				SWIFT_OPTIMIZATION_LEVEL = "-Owholemodule";
				TARGETED_DEVICE_FAMILY = "1,2";
				VALIDATE_PRODUCT = YES;
			};
			name = Release;
		};
		545F36FA1EABE1C5000811E3 /* Debug */ = {
			isa = XCBuildConfiguration;
			baseConfigurationReference = 34DD762067286374B44C853B /* Pods-Galaxy.debug.xcconfig */;
			buildSettings = {
				ASSETCATALOG_COMPILER_APPICON_NAME = AppIcon;
				DEVELOPMENT_TEAM = 7TJ6UVZRLR;
				INFOPLIST_FILE = Galaxy/Info.plist;
				LD_RUNPATH_SEARCH_PATHS = "$(inherited) @executable_path/Frameworks";
				PRODUCT_BUNDLE_IDENTIFIER = cezarbabin.Galaxy;
				PRODUCT_NAME = "$(TARGET_NAME)";
				SWIFT_VERSION = 3.0;
			};
			name = Debug;
		};
		545F36FB1EABE1C5000811E3 /* Release */ = {
			isa = XCBuildConfiguration;
			baseConfigurationReference = 32E0F284C80EC8E7FDC9E47D /* Pods-Galaxy.release.xcconfig */;
			buildSettings = {
				ASSETCATALOG_COMPILER_APPICON_NAME = AppIcon;
				DEVELOPMENT_TEAM = 7TJ6UVZRLR;
				INFOPLIST_FILE = Galaxy/Info.plist;
				LD_RUNPATH_SEARCH_PATHS = "$(inherited) @executable_path/Frameworks";
				PRODUCT_BUNDLE_IDENTIFIER = cezarbabin.Galaxy;
				PRODUCT_NAME = "$(TARGET_NAME)";
				SWIFT_VERSION = 3.0;
			};
			name = Release;
		};
		545F36FD1EABE1C5000811E3 /* Debug */ = {
			isa = XCBuildConfiguration;
			baseConfigurationReference = F755CC44094285752AAFF3FA /* Pods-GalaxyTests.debug.xcconfig */;
			buildSettings = {
				ALWAYS_EMBED_SWIFT_STANDARD_LIBRARIES = YES;
				BUNDLE_LOADER = "$(TEST_HOST)";
				INFOPLIST_FILE = GalaxyTests/Info.plist;
				LD_RUNPATH_SEARCH_PATHS = "$(inherited) @executable_path/Frameworks @loader_path/Frameworks";
				PRODUCT_BUNDLE_IDENTIFIER = cezarbabin.GalaxyTests;
				PRODUCT_NAME = "$(TARGET_NAME)";
				SWIFT_VERSION = 3.0;
				TEST_HOST = "$(BUILT_PRODUCTS_DIR)/Galaxy.app/Galaxy";
			};
			name = Debug;
		};
		545F36FE1EABE1C5000811E3 /* Release */ = {
			isa = XCBuildConfiguration;
			baseConfigurationReference = A62EF89F7C8896ECE748989A /* Pods-GalaxyTests.release.xcconfig */;
			buildSettings = {
				ALWAYS_EMBED_SWIFT_STANDARD_LIBRARIES = YES;
				BUNDLE_LOADER = "$(TEST_HOST)";
				INFOPLIST_FILE = GalaxyTests/Info.plist;
				LD_RUNPATH_SEARCH_PATHS = "$(inherited) @executable_path/Frameworks @loader_path/Frameworks";
				PRODUCT_BUNDLE_IDENTIFIER = cezarbabin.GalaxyTests;
				PRODUCT_NAME = "$(TARGET_NAME)";
				SWIFT_VERSION = 3.0;
				TEST_HOST = "$(BUILT_PRODUCTS_DIR)/Galaxy.app/Galaxy";
			};
			name = Release;
		};
		545F37001EABE1C5000811E3 /* Debug */ = {
			isa = XCBuildConfiguration;
			baseConfigurationReference = 24C6820BA270109443D1BF82 /* Pods-GalaxyUITests.debug.xcconfig */;
			buildSettings = {
				ALWAYS_EMBED_SWIFT_STANDARD_LIBRARIES = YES;
				INFOPLIST_FILE = GalaxyUITests/Info.plist;
				LD_RUNPATH_SEARCH_PATHS = "$(inherited) @executable_path/Frameworks @loader_path/Frameworks";
				PRODUCT_BUNDLE_IDENTIFIER = cezarbabin.GalaxyUITests;
				PRODUCT_NAME = "$(TARGET_NAME)";
				SWIFT_VERSION = 3.0;
				TEST_TARGET_NAME = Galaxy;
			};
			name = Debug;
		};
		545F37011EABE1C5000811E3 /* Release */ = {
			isa = XCBuildConfiguration;
			baseConfigurationReference = 0D2EFB8E6970FEECD22C1DF8 /* Pods-GalaxyUITests.release.xcconfig */;
			buildSettings = {
				ALWAYS_EMBED_SWIFT_STANDARD_LIBRARIES = YES;
				INFOPLIST_FILE = GalaxyUITests/Info.plist;
				LD_RUNPATH_SEARCH_PATHS = "$(inherited) @executable_path/Frameworks @loader_path/Frameworks";
				PRODUCT_BUNDLE_IDENTIFIER = cezarbabin.GalaxyUITests;
				PRODUCT_NAME = "$(TARGET_NAME)";
				SWIFT_VERSION = 3.0;
				TEST_TARGET_NAME = Galaxy;
			};
			name = Release;
		};
/* End XCBuildConfiguration section */

/* Begin XCConfigurationList section */
		545F36CC1EABE1C4000811E3 /* Build configuration list for PBXProject "Galaxy" */ = {
			isa = XCConfigurationList;
			buildConfigurations = (
				545F36F71EABE1C5000811E3 /* Debug */,
				545F36F81EABE1C5000811E3 /* Release */,
			);
			defaultConfigurationIsVisible = 0;
			defaultConfigurationName = Release;
		};
		545F36F91EABE1C5000811E3 /* Build configuration list for PBXNativeTarget "Galaxy" */ = {
			isa = XCConfigurationList;
			buildConfigurations = (
				545F36FA1EABE1C5000811E3 /* Debug */,
				545F36FB1EABE1C5000811E3 /* Release */,
			);
			defaultConfigurationIsVisible = 0;
			defaultConfigurationName = Release;
		};
		545F36FC1EABE1C5000811E3 /* Build configuration list for PBXNativeTarget "GalaxyTests" */ = {
			isa = XCConfigurationList;
			buildConfigurations = (
				545F36FD1EABE1C5000811E3 /* Debug */,
				545F36FE1EABE1C5000811E3 /* Release */,
			);
			defaultConfigurationIsVisible = 0;
			defaultConfigurationName = Release;
		};
		545F36FF1EABE1C5000811E3 /* Build configuration list for PBXNativeTarget "GalaxyUITests" */ = {
			isa = XCConfigurationList;
			buildConfigurations = (
				545F37001EABE1C5000811E3 /* Debug */,
				545F37011EABE1C5000811E3 /* Release */,
			);
			defaultConfigurationIsVisible = 0;
			defaultConfigurationName = Release;
		};
/* End XCConfigurationList section */
	};
	rootObject = 545F36C91EABE1C4000811E3 /* Project object */;
}
